
Microsoft Visual Studio Solution File, Format Version 12.00
# Visual Studio Version 17
VisualStudioVersion = 17.5.33414.496
MinimumVisualStudioVersion = 10.0.40219.1
Project("{FAE04EC0-301F-11D3-BF4B-00C04F79EFBC}") = "Lights", "Lights.csproj", "{96A83713-9F92-40A4-8A53-54B7F613BD65}"
EndProject
Global
	GlobalSection(SolutionConfigurationPlatforms) = preSolution
		Debug|Any CPU = Debug|Any CPU
		Release|Any CPU = Release|Any CPU
	EndGlobalSection
	GlobalSection(ProjectConfigurationPlatforms) = postSolution
		{96A83713-9F92-40A4-8A53-54B7F613BD65}.Debug|Any CPU.ActiveCfg = Debug|Any CPU
		{96A83713-9F92-40A4-8A53-54B7F613BD65}.Debug|Any CPU.Build.0 = Debug|Any CPU
		{96A83713-9F92-40A4-8A53-54B7F613BD65}.Release|Any CPU.ActiveCfg = Release|Any CPU
		{96A83713-9F92-40A4-8A53-54B7F613BD65}.Release|Any CPU.Build.0 = Release|Any CPU
	EndGlobalSection
	GlobalSection(SolutionProperties) = preSolution
		HideSolutionNode = FALSE
	EndGlobalSection
	GlobalSection(ExtensibilityGlobals) = postSolution
		SolutionGuid = {E85BAE36-EDC4-44ED-915A-B60C41373D10}
	EndGlobalSection
EndGlobal
